// !$*UTF8*$!
{
	archiveVersion = 1;
	classes = {
	};
	objectVersion = 50;
	objects = {

/* Begin PBXBuildFile section */
		03039F54214A9F7600E358E0 /* SignUpViewController.swift in Sources */ = {isa = PBXBuildFile; fileRef = 03039F53214A9F7600E358E0 /* SignUpViewController.swift */; };
		03039F56214AAF4400E358E0 /* HomeViewController.swift in Sources */ = {isa = PBXBuildFile; fileRef = 03039F55214AAF4400E358E0 /* HomeViewController.swift */; };
		03039F58214AAF5100E358E0 /* DiscoveryViewController.swift in Sources */ = {isa = PBXBuildFile; fileRef = 03039F57214AAF5100E358E0 /* DiscoveryViewController.swift */; };
		03039F5A214AAF5A00E358E0 /* CameraViewController.swift in Sources */ = {isa = PBXBuildFile; fileRef = 03039F59214AAF5A00E358E0 /* CameraViewController.swift */; };
		03039F5C214AAF6500E358E0 /* ActivityViewController.swift in Sources */ = {isa = PBXBuildFile; fileRef = 03039F5B214AAF6500E358E0 /* ActivityViewController.swift */; };
		03039F5E214AAF7B00E358E0 /* ProfileViewController.swift in Sources */ = {isa = PBXBuildFile; fileRef = 03039F5D214AAF7B00E358E0 /* ProfileViewController.swift */; };
		03039F60214BBEB000E358E0 /* GoogleService-Info.plist in Resources */ = {isa = PBXBuildFile; fileRef = 03039F5F214BBEAF00E358E0 /* GoogleService-Info.plist */; };
		032C2BCC21513626005B5AB1 /* FeedCollectionViewCell.swift in Sources */ = {isa = PBXBuildFile; fileRef = 032C2BCA21513626005B5AB1 /* FeedCollectionViewCell.swift */; };
		032C2BCD21513626005B5AB1 /* FeedCollectionViewCell.xib in Resources */ = {isa = PBXBuildFile; fileRef = 032C2BCB21513626005B5AB1 /* FeedCollectionViewCell.xib */; };
		032C2BD221513E2E005B5AB1 /* Post.swift in Sources */ = {isa = PBXBuildFile; fileRef = 032C2BD121513E2E005B5AB1 /* Post.swift */; };
		032C2BD421513E41005B5AB1 /* User.swift in Sources */ = {isa = PBXBuildFile; fileRef = 032C2BD321513E41005B5AB1 /* User.swift */; };
		03F7948B214A989800D36648 /* AppDelegate.swift in Sources */ = {isa = PBXBuildFile; fileRef = 03F7948A214A989800D36648 /* AppDelegate.swift */; };
		03F79492214A989D00D36648 /* Assets.xcassets in Resources */ = {isa = PBXBuildFile; fileRef = 03F79491214A989D00D36648 /* Assets.xcassets */; };
		03F79495214A989D00D36648 /* LaunchScreen.storyboard in Resources */ = {isa = PBXBuildFile; fileRef = 03F79493214A989D00D36648 /* LaunchScreen.storyboard */; };
		03F7949D214A99AC00D36648 /* Start.storyboard in Resources */ = {isa = PBXBuildFile; fileRef = 03F7949C214A99AC00D36648 /* Start.storyboard */; };
		03F7949F214A9BA000D36648 /* SignInViewController.swift in Sources */ = {isa = PBXBuildFile; fileRef = 03F7949E214A9BA000D36648 /* SignInViewController.swift */; };
		B9A7FC1C07C4BF98B147D1C7 /* Pods_InstagramClone.framework in Frameworks */ = {isa = PBXBuildFile; fileRef = 495369A1D330CC83E84BE767 /* Pods_InstagramClone.framework */; };
/* End PBXBuildFile section */

/* Begin PBXFileReference section */
		03039F53214A9F7600E358E0 /* SignUpViewController.swift */ = {isa = PBXFileReference; lastKnownFileType = sourcecode.swift; path = SignUpViewController.swift; sourceTree = "<group>"; };
		03039F55214AAF4400E358E0 /* HomeViewController.swift */ = {isa = PBXFileReference; lastKnownFileType = sourcecode.swift; path = HomeViewController.swift; sourceTree = "<group>"; };
		03039F57214AAF5100E358E0 /* DiscoveryViewController.swift */ = {isa = PBXFileReference; lastKnownFileType = sourcecode.swift; path = DiscoveryViewController.swift; sourceTree = "<group>"; };
		03039F59214AAF5A00E358E0 /* CameraViewController.swift */ = {isa = PBXFileReference; lastKnownFileType = sourcecode.swift; path = CameraViewController.swift; sourceTree = "<group>"; };
		03039F5B214AAF6500E358E0 /* ActivityViewController.swift */ = {isa = PBXFileReference; lastKnownFileType = sourcecode.swift; path = ActivityViewController.swift; sourceTree = "<group>"; };
		03039F5D214AAF7B00E358E0 /* ProfileViewController.swift */ = {isa = PBXFileReference; lastKnownFileType = sourcecode.swift; path = ProfileViewController.swift; sourceTree = "<group>"; };
		03039F5F214BBEAF00E358E0 /* GoogleService-Info.plist */ = {isa = PBXFileReference; fileEncoding = 4; lastKnownFileType = text.plist.xml; path = "GoogleService-Info.plist"; sourceTree = "<group>"; };
		032C2BCA21513626005B5AB1 /* FeedCollectionViewCell.swift */ = {isa = PBXFileReference; lastKnownFileType = sourcecode.swift; path = FeedCollectionViewCell.swift; sourceTree = "<group>"; };
		032C2BCB21513626005B5AB1 /* FeedCollectionViewCell.xib */ = {isa = PBXFileReference; lastKnownFileType = file.xib; path = FeedCollectionViewCell.xib; sourceTree = "<group>"; };
		032C2BD121513E2E005B5AB1 /* Post.swift */ = {isa = PBXFileReference; lastKnownFileType = sourcecode.swift; path = Post.swift; sourceTree = "<group>"; };
		032C2BD321513E41005B5AB1 /* User.swift */ = {isa = PBXFileReference; lastKnownFileType = sourcecode.swift; path = User.swift; sourceTree = "<group>"; };
		03F79487214A989800D36648 /* InstagramClone.app */ = {isa = PBXFileReference; explicitFileType = wrapper.application; includeInIndex = 0; path = InstagramClone.app; sourceTree = BUILT_PRODUCTS_DIR; };
		03F7948A214A989800D36648 /* AppDelegate.swift */ = {isa = PBXFileReference; lastKnownFileType = sourcecode.swift; path = AppDelegate.swift; sourceTree = "<group>"; };
		03F79491214A989D00D36648 /* Assets.xcassets */ = {isa = PBXFileReference; lastKnownFileType = folder.assetcatalog; path = Assets.xcassets; sourceTree = "<group>"; };
		03F79494214A989D00D36648 /* Base */ = {isa = PBXFileReference; lastKnownFileType = file.storyboard; name = Base; path = Base.lproj/LaunchScreen.storyboard; sourceTree = "<group>"; };
		03F79496214A989D00D36648 /* Info.plist */ = {isa = PBXFileReference; lastKnownFileType = text.plist.xml; path = Info.plist; sourceTree = "<group>"; };
		03F7949C214A99AC00D36648 /* Start.storyboard */ = {isa = PBXFileReference; lastKnownFileType = file.storyboard; path = Start.storyboard; sourceTree = "<group>"; };
		03F7949E214A9BA000D36648 /* SignInViewController.swift */ = {isa = PBXFileReference; lastKnownFileType = sourcecode.swift; path = SignInViewController.swift; sourceTree = "<group>"; };
		09836CDC2667D549B14F53CA /* Pods-InstagramClone.debug.xcconfig */ = {isa = PBXFileReference; includeInIndex = 1; lastKnownFileType = text.xcconfig; name = "Pods-InstagramClone.debug.xcconfig"; path = "Pods/Target Support Files/Pods-InstagramClone/Pods-InstagramClone.debug.xcconfig"; sourceTree = "<group>"; };
		1D109058374011FED805A180 /* Pods-InstagramClone.release.xcconfig */ = {isa = PBXFileReference; includeInIndex = 1; lastKnownFileType = text.xcconfig; name = "Pods-InstagramClone.release.xcconfig"; path = "Pods/Target Support Files/Pods-InstagramClone/Pods-InstagramClone.release.xcconfig"; sourceTree = "<group>"; };
		495369A1D330CC83E84BE767 /* Pods_InstagramClone.framework */ = {isa = PBXFileReference; explicitFileType = wrapper.framework; includeInIndex = 0; path = Pods_InstagramClone.framework; sourceTree = BUILT_PRODUCTS_DIR; };
/* End PBXFileReference section */

/* Begin PBXFrameworksBuildPhase section */
		03F79484214A989700D36648 /* Frameworks */ = {
			isa = PBXFrameworksBuildPhase;
			buildActionMask = 2147483647;
			files = (
				B9A7FC1C07C4BF98B147D1C7 /* Pods_InstagramClone.framework in Frameworks */,
			);
			runOnlyForDeploymentPostprocessing = 0;
		};
/* End PBXFrameworksBuildPhase section */

/* Begin PBXGroup section */
		03F7947E214A989700D36648 = {
			isa = PBXGroup;
			children = (
				03F79489214A989800D36648 /* InstagramClone */,
				03F79488214A989800D36648 /* Products */,
				377FCF7C06AE0A8A8458550A /* Pods */,
				A9A520D89306367CB4E635AE /* Frameworks */,
			);
			sourceTree = "<group>";
		};
		03F79488214A989800D36648 /* Products */ = {
			isa = PBXGroup;
			children = (
				03F79487214A989800D36648 /* InstagramClone.app */,
			);
			name = Products;
			sourceTree = "<group>";
		};
		03F79489214A989800D36648 /* InstagramClone */ = {
			isa = PBXGroup;
			children = (
				03F7948A214A989800D36648 /* AppDelegate.swift */,
				032C2BD121513E2E005B5AB1 /* Post.swift */,
				032C2BD321513E41005B5AB1 /* User.swift */,
				03F7949E214A9BA000D36648 /* SignInViewController.swift */,
				03039F53214A9F7600E358E0 /* SignUpViewController.swift */,
				03039F55214AAF4400E358E0 /* HomeViewController.swift */,
				03039F57214AAF5100E358E0 /* DiscoveryViewController.swift */,
				03039F59214AAF5A00E358E0 /* CameraViewController.swift */,
				03039F5B214AAF6500E358E0 /* ActivityViewController.swift */,
				032C2BCA21513626005B5AB1 /* FeedCollectionViewCell.swift */,
				032C2BCB21513626005B5AB1 /* FeedCollectionViewCell.xib */,
				03039F5D214AAF7B00E358E0 /* ProfileViewController.swift */,
				03F79491214A989D00D36648 /* Assets.xcassets */,
				03F7949C214A99AC00D36648 /* Start.storyboard */,
				03F79493214A989D00D36648 /* LaunchScreen.storyboard */,
				03F79496214A989D00D36648 /* Info.plist */,
				03039F5F214BBEAF00E358E0 /* GoogleService-Info.plist */,
			);
			path = InstagramClone;
			sourceTree = "<group>";
		};
		377FCF7C06AE0A8A8458550A /* Pods */ = {
			isa = PBXGroup;
			children = (
				09836CDC2667D549B14F53CA /* Pods-InstagramClone.debug.xcconfig */,
				1D109058374011FED805A180 /* Pods-InstagramClone.release.xcconfig */,
			);
			name = Pods;
			sourceTree = "<group>";
		};
		A9A520D89306367CB4E635AE /* Frameworks */ = {
			isa = PBXGroup;
			children = (
				495369A1D330CC83E84BE767 /* Pods_InstagramClone.framework */,
			);
			name = Frameworks;
			sourceTree = "<group>";
		};
/* End PBXGroup section */

/* Begin PBXNativeTarget section */
		03F79486214A989700D36648 /* InstagramClone */ = {
			isa = PBXNativeTarget;
			buildConfigurationList = 03F79499214A989D00D36648 /* Build configuration list for PBXNativeTarget "InstagramClone" */;
			buildPhases = (
				DAE5145B48CE761E3113D4CD /* [CP] Check Pods Manifest.lock */,
				03F79483214A989700D36648 /* Sources */,
				03F79484214A989700D36648 /* Frameworks */,
				03F79485214A989700D36648 /* Resources */,
				4A53D2D24EB4EE3894355684 /* [CP] Embed Pods Frameworks */,
				DF1CF58C9F649E083BADF626 /* [CP] Copy Pods Resources */,
			);
			buildRules = (
			);
			dependencies = (
			);
			name = InstagramClone;
			productName = InstagramClone;
			productReference = 03F79487214A989800D36648 /* InstagramClone.app */;
			productType = "com.apple.product-type.application";
		};
/* End PBXNativeTarget section */

/* Begin PBXProject section */
		03F7947F214A989700D36648 /* Project object */ = {
			isa = PBXProject;
			attributes = {
				LastSwiftUpdateCheck = 0940;
				LastUpgradeCheck = 0940;
				ORGANIZATIONNAME = "蔡舜珵";
				TargetAttributes = {
					03F79486214A989700D36648 = {
						CreatedOnToolsVersion = 9.4.1;
					};
				};
			};
			buildConfigurationList = 03F79482214A989700D36648 /* Build configuration list for PBXProject "InstagramClone" */;
			compatibilityVersion = "Xcode 9.3";
			developmentRegion = en;
			hasScannedForEncodings = 0;
			knownRegions = (
				en,
				Base,
			);
			mainGroup = 03F7947E214A989700D36648;
			productRefGroup = 03F79488214A989800D36648 /* Products */;
			projectDirPath = "";
			projectRoot = "";
			targets = (
				03F79486214A989700D36648 /* InstagramClone */,
			);
		};
/* End PBXProject section */

/* Begin PBXResourcesBuildPhase section */
		03F79485214A989700D36648 /* Resources */ = {
			isa = PBXResourcesBuildPhase;
			buildActionMask = 2147483647;
			files = (
				03F79495214A989D00D36648 /* LaunchScreen.storyboard in Resources */,
				03039F60214BBEB000E358E0 /* GoogleService-Info.plist in Resources */,
				03F79492214A989D00D36648 /* Assets.xcassets in Resources */,
				032C2BCD21513626005B5AB1 /* FeedCollectionViewCell.xib in Resources */,
				03F7949D214A99AC00D36648 /* Start.storyboard in Resources */,
			);
			runOnlyForDeploymentPostprocessing = 0;
		};
/* End PBXResourcesBuildPhase section */

/* Begin PBXShellScriptBuildPhase section */
		4A53D2D24EB4EE3894355684 /* [CP] Embed Pods Frameworks */ = {
			isa = PBXShellScriptBuildPhase;
			buildActionMask = 2147483647;
			files = (
			);
			inputPaths = (
			);
			name = "[CP] Embed Pods Frameworks";
			outputPaths = (
			);
			runOnlyForDeploymentPostprocessing = 0;
			shellPath = /bin/sh;
			shellScript = "\"${SRCROOT}/Pods/Target Support Files/Pods-InstagramClone/Pods-InstagramClone-frameworks.sh\"\n";
			showEnvVarsInLog = 0;
		};
		DAE5145B48CE761E3113D4CD /* [CP] Check Pods Manifest.lock */ = {
			isa = PBXShellScriptBuildPhase;
			buildActionMask = 2147483647;
			files = (
			);
			inputPaths = (
			);
			name = "[CP] Check Pods Manifest.lock";
			outputPaths = (
			);
			runOnlyForDeploymentPostprocessing = 0;
			shellPath = /bin/sh;
			shellScript = "diff \"${PODS_ROOT}/../Podfile.lock\" \"${PODS_ROOT}/Manifest.lock\" > /dev/null\nif [[ $? != 0 ]] ; then\n    cat << EOM\nerror: The sandbox is not in sync with the Podfile.lock. Run 'pod install' or update your CocoaPods installation.\nEOM\n    exit 1\nfi\n";
			showEnvVarsInLog = 0;
		};
		DF1CF58C9F649E083BADF626 /* [CP] Copy Pods Resources */ = {
			isa = PBXShellScriptBuildPhase;
			buildActionMask = 2147483647;
			files = (
			);
			inputPaths = (
			);
			name = "[CP] Copy Pods Resources";
			outputPaths = (
			);
			runOnlyForDeploymentPostprocessing = 0;
			shellPath = /bin/sh;
			shellScript = "\"${SRCROOT}/Pods/Target Support Files/Pods-InstagramClone/Pods-InstagramClone-resources.sh\"\n";
			showEnvVarsInLog = 0;
		};
/* End PBXShellScriptBuildPhase section */

/* Begin PBXSourcesBuildPhase section */
		03F79483214A989700D36648 /* Sources */ = {
			isa = PBXSourcesBuildPhase;
			buildActionMask = 2147483647;
			files = (
				03039F54214A9F7600E358E0 /* SignUpViewController.swift in Sources */,
				03F7948B214A989800D36648 /* AppDelegate.swift in Sources */,
				03F7949F214A9BA000D36648 /* SignInViewController.swift in Sources */,
				03039F56214AAF4400E358E0 /* HomeViewController.swift in Sources */,
				03039F5C214AAF6500E358E0 /* ActivityViewController.swift in Sources */,
				032C2BCC21513626005B5AB1 /* FeedCollectionViewCell.swift in Sources */,
				03039F58214AAF5100E358E0 /* DiscoveryViewController.swift in Sources */,
				03039F5E214AAF7B00E358E0 /* ProfileViewController.swift in Sources */,
				03039F5A214AAF5A00E358E0 /* CameraViewController.swift in Sources */,
				032C2BD221513E2E005B5AB1 /* Post.swift in Sources */,
				032C2BD421513E41005B5AB1 /* User.swift in Sources */,
			);
			runOnlyForDeploymentPostprocessing = 0;
		};
/* End PBXSourcesBuildPhase section */

/* Begin PBXVariantGroup section */
		03F79493214A989D00D36648 /* LaunchScreen.storyboard */ = {
			isa = PBXVariantGroup;
			children = (
				03F79494214A989D00D36648 /* Base */,
			);
			name = LaunchScreen.storyboard;
			sourceTree = "<group>";
		};
/* End PBXVariantGroup section */

/* Begin XCBuildConfiguration section */
		03F79497214A989D00D36648 /* Debug */ = {
			isa = XCBuildConfiguration;
			buildSettings = {
				ALWAYS_SEARCH_USER_PATHS = NO;
				CLANG_ANALYZER_NONNULL = YES;
				CLANG_ANALYZER_NUMBER_OBJECT_CONVERSION = YES_AGGRESSIVE;
				CLANG_CXX_LANGUAGE_STANDARD = "gnu++14";
				CLANG_CXX_LIBRARY = "libc++";
				CLANG_ENABLE_MODULES = YES;
				CLANG_ENABLE_OBJC_ARC = YES;
				CLANG_ENABLE_OBJC_WEAK = YES;
				CLANG_WARN_BLOCK_CAPTURE_AUTORELEASING = YES;
				CLANG_WARN_BOOL_CONVERSION = YES;
				CLANG_WARN_COMMA = YES;
				CLANG_WARN_CONSTANT_CONVERSION = YES;
				CLANG_WARN_DEPRECATED_OBJC_IMPLEMENTATIONS = YES;
				CLANG_WARN_DIRECT_OBJC_ISA_USAGE = YES_ERROR;
				CLANG_WARN_DOCUMENTATION_COMMENTS = YES;
				CLANG_WARN_EMPTY_BODY = YES;
				CLANG_WARN_ENUM_CONVERSION = YES;
				CLANG_WARN_INFINITE_RECURSION = YES;
				CLANG_WARN_INT_CONVERSION = YES;
				CLANG_WARN_NON_LITERAL_NULL_CONVERSION = YES;
				CLANG_WARN_OBJC_IMPLICIT_RETAIN_SELF = YES;
				CLANG_WARN_OBJC_LITERAL_CONVERSION = YES;
				CLANG_WARN_OBJC_ROOT_CLASS = YES_ERROR;
				CLANG_WARN_RANGE_LOOP_ANALYSIS = YES;
				CLANG_WARN_STRICT_PROTOTYPES = YES;
				CLANG_WARN_SUSPICIOUS_MOVE = YES;
				CLANG_WARN_UNGUARDED_AVAILABILITY = YES_AGGRESSIVE;
				CLANG_WARN_UNREACHABLE_CODE = YES;
				CLANG_WARN__DUPLICATE_METHOD_MATCH = YES;
				CODE_SIGN_IDENTITY = "iPhone Developer";
				COPY_PHASE_STRIP = NO;
				DEBUG_INFORMATION_FORMAT = dwarf;
				ENABLE_STRICT_OBJC_MSGSEND = YES;
				ENABLE_TESTABILITY = YES;
				GCC_C_LANGUAGE_STANDARD = gnu11;
				GCC_DYNAMIC_NO_PIC = NO;
				GCC_NO_COMMON_BLOCKS = YES;
				GCC_OPTIMIZATION_LEVEL = 0;
				GCC_PREPROCESSOR_DEFINITIONS = (
					"DEBUG=1",
					"$(inherited)",
				);
				GCC_WARN_64_TO_32_BIT_CONVERSION = YES;
				GCC_WARN_ABOUT_RETURN_TYPE = YES_ERROR;
				GCC_WARN_UNDECLARED_SELECTOR = YES;
				GCC_WARN_UNINITIALIZED_AUTOS = YES_AGGRESSIVE;
				GCC_WARN_UNUSED_FUNCTION = YES;
				GCC_WARN_UNUSED_VARIABLE = YES;
				IPHONEOS_DEPLOYMENT_TARGET = 11.4;
				MTL_ENABLE_DEBUG_INFO = YES;
				ONLY_ACTIVE_ARCH = YES;
				SDKROOT = iphoneos;
				SWIFT_ACTIVE_COMPILATION_CONDITIONS = DEBUG;
				SWIFT_OPTIMIZATION_LEVEL = "-Onone";
			};
			name = Debug;
		};
		03F79498214A989D00D36648 /* Release */ = {
			isa = XCBuildConfiguration;
			buildSettings = {
				ALWAYS_SEARCH_USER_PATHS = NO;
				CLANG_ANALYZER_NONNULL = YES;
				CLANG_ANALYZER_NUMBER_OBJECT_CONVERSION = YES_AGGRESSIVE;
				CLANG_CXX_LANGUAGE_STANDARD = "gnu++14";
				CLANG_CXX_LIBRARY = "libc++";
				CLANG_ENABLE_MODULES = YES;
				CLANG_ENABLE_OBJC_ARC = YES;
				CLANG_ENABLE_OBJC_WEAK = YES;
				CLANG_WARN_BLOCK_CAPTURE_AUTORELEASING = YES;
				CLANG_WARN_BOOL_CONVERSION = YES;
				CLANG_WARN_COMMA = YES;
				CLANG_WARN_CONSTANT_CONVERSION = YES;
				CLANG_WARN_DEPRECATED_OBJC_IMPLEMENTATIONS = YES;
				CLANG_WARN_DIRECT_OBJC_ISA_USAGE = YES_ERROR;
				CLANG_WARN_DOCUMENTATION_COMMENTS = YES;
				CLANG_WARN_EMPTY_BODY = YES;
				CLANG_WARN_ENUM_CONVERSION = YES;
				CLANG_WARN_INFINITE_RECURSION = YES;
				CLANG_WARN_INT_CONVERSION = YES;
				CLANG_WARN_NON_LITERAL_NULL_CONVERSION = YES;
				CLANG_WARN_OBJC_IMPLICIT_RETAIN_SELF = YES;
				CLANG_WARN_OBJC_LITERAL_CONVERSION = YES;
				CLANG_WARN_OBJC_ROOT_CLASS = YES_ERROR;
				CLANG_WARN_RANGE_LOOP_ANALYSIS = YES;
				CLANG_WARN_STRICT_PROTOTYPES = YES;
				CLANG_WARN_SUSPICIOUS_MOVE = YES;
				CLANG_WARN_UNGUARDED_AVAILABILITY = YES_AGGRESSIVE;
				CLANG_WARN_UNREACHABLE_CODE = YES;
				CLANG_WARN__DUPLICATE_METHOD_MATCH = YES;
				CODE_SIGN_IDENTITY = "iPhone Developer";
				COPY_PHASE_STRIP = NO;
				DEBUG_INFORMATION_FORMAT = "dwarf-with-dsym";
				ENABLE_NS_ASSERTIONS = NO;
				ENABLE_STRICT_OBJC_MSGSEND = YES;
				GCC_C_LANGUAGE_STANDARD = gnu11;
				GCC_NO_COMMON_BLOCKS = YES;
				GCC_WARN_64_TO_32_BIT_CONVERSION = YES;
				GCC_WARN_ABOUT_RETURN_TYPE = YES_ERROR;
				GCC_WARN_UNDECLARED_SELECTOR = YES;
				GCC_WARN_UNINITIALIZED_AUTOS = YES_AGGRESSIVE;
				GCC_WARN_UNUSED_FUNCTION = YES;
				GCC_WARN_UNUSED_VARIABLE = YES;
				IPHONEOS_DEPLOYMENT_TARGET = 11.4;
				MTL_ENABLE_DEBUG_INFO = NO;
				SDKROOT = iphoneos;
				SWIFT_COMPILATION_MODE = wholemodule;
				SWIFT_OPTIMIZATION_LEVEL = "-O";
				VALIDATE_PRODUCT = YES;
			};
			name = Release;
		};
		03F7949A214A989D00D36648 /* Debug */ = {
			isa = XCBuildConfiguration;
			baseConfigurationReference = 09836CDC2667D549B14F53CA /* Pods-InstagramClone.debug.xcconfig */;
			buildSettings = {
				ASSETCATALOG_COMPILER_APPICON_NAME = AppIcon;
				CODE_SIGN_IDENTITY = "iPhone Developer";
				CODE_SIGN_STYLE = Manual;
				DEVELOPMENT_TEAM = "";
				INFOPLIST_FILE = InstagramClone/Info.plist;
				LD_RUNPATH_SEARCH_PATHS = (
					"$(inherited)",
					"@executable_path/Frameworks",
				);
				PRODUCT_BUNDLE_IDENTIFIER = alex.tsai.InstagramClone;
				PRODUCT_NAME = "$(TARGET_NAME)";
				PROVISIONING_PROFILE_SPECIFIER = "";
				SWIFT_VERSION = 4.0;
				TARGETED_DEVICE_FAMILY = "1,2";
			};
			name = Debug;
		};
		03F7949B214A989D00D36648 /* Release */ = {
			isa = XCBuildConfiguration;
			baseConfigurationReference = 1D109058374011FED805A180 /* Pods-InstagramClone.release.xcconfig */;
			buildSettings = {
				ASSETCATALOG_COMPILER_APPICON_NAME = AppIcon;
				CODE_SIGN_IDENTITY = "iPhone Developer";
				CODE_SIGN_STYLE = Manual;
				DEVELOPMENT_TEAM = "";
				INFOPLIST_FILE = InstagramClone/Info.plist;
				LD_RUNPATH_SEARCH_PATHS = (
					"$(inherited)",
					"@executable_path/Frameworks",
				);
				PRODUCT_BUNDLE_IDENTIFIER = alex.tsai.InstagramClone;
				PRODUCT_NAME = "$(TARGET_NAME)";
				PROVISIONING_PROFILE_SPECIFIER = "";
				SWIFT_VERSION = 4.0;
				TARGETED_DEVICE_FAMILY = "1,2";
			};
			name = Release;
		};
/* End XCBuildConfiguration section */

/* Begin XCConfigurationList section */
		03F79482214A989700D36648 /* Build configuration list for PBXProject "InstagramClone" */ = {
			isa = XCConfigurationList;
			buildConfigurations = (
				03F79497214A989D00D36648 /* Debug */,
				03F79498214A989D00D36648 /* Release */,
			);
			defaultConfigurationIsVisible = 0;
			defaultConfigurationName = Release;
		};
		03F79499214A989D00D36648 /* Build configuration list for PBXNativeTarget "InstagramClone" */ = {
			isa = XCConfigurationList;
			buildConfigurations = (
				03F7949A214A989D00D36648 /* Debug */,
				03F7949B214A989D00D36648 /* Release */,
			);
			defaultConfigurationIsVisible = 0;
			defaultConfigurationName = Release;
		};
/* End XCConfigurationList section */
	};
	rootObject = 03F7947F214A989700D36648 /* Project object */;
}
